// !$*UTF8*$!
{
	archiveVersion = 1;
	classes = {
	};
	objectVersion = 56;
	objects = {

/* Begin PBXBuildFile section */
		3B27349F2A5A97FD00537E62 /* AppDelegate.swift in Sources */ = {isa = PBXBuildFile; fileRef = 3B27349E2A5A97FD00537E62 /* AppDelegate.swift */; };
		3B2734A12A5A97FD00537E62 /* ViewController.swift in Sources */ = {isa = PBXBuildFile; fileRef = 3B2734A02A5A97FD00537E62 /* ViewController.swift */; };
		3B2734A32A5A97FD00537E62 /* Assets.xcassets in Resources */ = {isa = PBXBuildFile; fileRef = 3B2734A22A5A97FD00537E62 /* Assets.xcassets */; };
		3B2734A62A5A97FD00537E62 /* Main.storyboard in Resources */ = {isa = PBXBuildFile; fileRef = 3B2734A42A5A97FD00537E62 /* Main.storyboard */; };
		3B2734B42A5A980700537E62 /* Cocoa.framework in Frameworks */ = {isa = PBXBuildFile; fileRef = 3B2734B32A5A980700537E62 /* Cocoa.framework */; };
		3B2734B92A5A980700537E62 /* SourceEditorExtension.swift in Sources */ = {isa = PBXBuildFile; fileRef = 3B2734B82A5A980700537E62 /* SourceEditorExtension.swift */; };
		3B2734BB2A5A980700537E62 /* SourceEditorCommand.swift in Sources */ = {isa = PBXBuildFile; fileRef = 3B2734BA2A5A980700537E62 /* SourceEditorCommand.swift */; };
		3B2734C02A5A980700537E62 /* Honey.appex in Embed Foundation Extensions */ = {isa = PBXBuildFile; fileRef = 3B2734B12A5A980700537E62 /* Honey.appex */; settings = {ATTRIBUTES = (RemoveHeadersOnCopy, ); }; };
		3B2734EA2A5A99CC00537E62 /* XcodeKit.framework in Frameworks */ = {isa = PBXBuildFile; fileRef = 3B2734B52A5A980700537E62 /* XcodeKit.framework */; };
		3B2734EB2A5A99CC00537E62 /* XcodeKit.framework in Embed Frameworks */ = {isa = PBXBuildFile; fileRef = 3B2734B52A5A980700537E62 /* XcodeKit.framework */; settings = {ATTRIBUTES = (CodeSignOnCopy, RemoveHeadersOnCopy, ); }; };
/* End PBXBuildFile section */

/* Begin PBXContainerItemProxy section */
		3B2734BE2A5A980700537E62 /* PBXContainerItemProxy */ = {
			isa = PBXContainerItemProxy;
			containerPortal = 3B2734932A5A97FD00537E62 /* Project object */;
			proxyType = 1;
			remoteGlobalIDString = 3B2734B02A5A980700537E62;
			remoteInfo = Honey;
		};
/* End PBXContainerItemProxy section */

/* Begin PBXCopyFilesBuildPhase section */
		3B2734C42A5A980700537E62 /* Embed Foundation Extensions */ = {
			isa = PBXCopyFilesBuildPhase;
			buildActionMask = 2147483647;
			dstPath = "";
			dstSubfolderSpec = 13;
			files = (
				3B2734C02A5A980700537E62 /* Honey.appex in Embed Foundation Extensions */,
			);
			name = "Embed Foundation Extensions";
			runOnlyForDeploymentPostprocessing = 0;
		};
		3B2734EC2A5A99CC00537E62 /* Embed Frameworks */ = {
			isa = PBXCopyFilesBuildPhase;
			buildActionMask = 2147483647;
			dstPath = "";
			dstSubfolderSpec = 10;
			files = (
				3B2734EB2A5A99CC00537E62 /* XcodeKit.framework in Embed Frameworks */,
			);
			name = "Embed Frameworks";
			runOnlyForDeploymentPostprocessing = 0;
		};
/* End PBXCopyFilesBuildPhase section */

/* Begin PBXFileReference section */
		3B27349B2A5A97FD00537E62 /* HoneyWrap.app */ = {isa = PBXFileReference; explicitFileType = wrapper.application; includeInIndex = 0; path = HoneyWrap.app; sourceTree = BUILT_PRODUCTS_DIR; };
		3B27349E2A5A97FD00537E62 /* AppDelegate.swift */ = {isa = PBXFileReference; lastKnownFileType = sourcecode.swift; path = AppDelegate.swift; sourceTree = "<group>"; };
		3B2734A02A5A97FD00537E62 /* ViewController.swift */ = {isa = PBXFileReference; lastKnownFileType = sourcecode.swift; path = ViewController.swift; sourceTree = "<group>"; };
		3B2734A22A5A97FD00537E62 /* Assets.xcassets */ = {isa = PBXFileReference; lastKnownFileType = folder.assetcatalog; path = Assets.xcassets; sourceTree = "<group>"; };
		3B2734A52A5A97FD00537E62 /* Base */ = {isa = PBXFileReference; lastKnownFileType = file.storyboard; name = Base; path = Base.lproj/Main.storyboard; sourceTree = "<group>"; };
		3B2734A72A5A97FD00537E62 /* HoneyWrap.entitlements */ = {isa = PBXFileReference; lastKnownFileType = text.plist.entitlements; path = HoneyWrap.entitlements; sourceTree = "<group>"; };
		3B2734B12A5A980700537E62 /* Honey.appex */ = {isa = PBXFileReference; explicitFileType = "wrapper.app-extension"; includeInIndex = 0; path = Honey.appex; sourceTree = BUILT_PRODUCTS_DIR; };
		3B2734B32A5A980700537E62 /* Cocoa.framework */ = {isa = PBXFileReference; lastKnownFileType = wrapper.framework; name = Cocoa.framework; path = System/Library/Frameworks/Cocoa.framework; sourceTree = SDKROOT; };
		3B2734B52A5A980700537E62 /* XcodeKit.framework */ = {isa = PBXFileReference; lastKnownFileType = wrapper.framework; name = XcodeKit.framework; path = Library/Frameworks/XcodeKit.framework; sourceTree = DEVELOPER_DIR; };
		3B2734B82A5A980700537E62 /* SourceEditorExtension.swift */ = {isa = PBXFileReference; lastKnownFileType = sourcecode.swift; path = SourceEditorExtension.swift; sourceTree = "<group>"; };
		3B2734BA2A5A980700537E62 /* SourceEditorCommand.swift */ = {isa = PBXFileReference; lastKnownFileType = sourcecode.swift; path = SourceEditorCommand.swift; sourceTree = "<group>"; };
		3B2734BC2A5A980700537E62 /* Info.plist */ = {isa = PBXFileReference; lastKnownFileType = text.plist.xml; path = Info.plist; sourceTree = "<group>"; };
		3B2734BD2A5A980700537E62 /* Honey.entitlements */ = {isa = PBXFileReference; lastKnownFileType = text.plist.entitlements; path = Honey.entitlements; sourceTree = "<group>"; };
/* End PBXFileReference section */

/* Begin PBXFrameworksBuildPhase section */
		3B2734982A5A97FD00537E62 /* Frameworks */ = {
			isa = PBXFrameworksBuildPhase;
			buildActionMask = 2147483647;
			files = (
			);
			runOnlyForDeploymentPostprocessing = 0;
		};
		3B2734AE2A5A980700537E62 /* Frameworks */ = {
			isa = PBXFrameworksBuildPhase;
			buildActionMask = 2147483647;
			files = (
				3B2734B42A5A980700537E62 /* Cocoa.framework in Frameworks */,
				3B2734EA2A5A99CC00537E62 /* XcodeKit.framework in Frameworks */,
			);
			runOnlyForDeploymentPostprocessing = 0;
		};
/* End PBXFrameworksBuildPhase section */

/* Begin PBXGroup section */
		3B2734922A5A97FD00537E62 = {
			isa = PBXGroup;
			children = (
				3B27349D2A5A97FD00537E62 /* HoneyWrap */,
				3B2734B72A5A980700537E62 /* Honey */,
				3B2734B22A5A980700537E62 /* Frameworks */,
				3B27349C2A5A97FD00537E62 /* Products */,
			);
			sourceTree = "<group>";
		};
		3B27349C2A5A97FD00537E62 /* Products */ = {
			isa = PBXGroup;
			children = (
				3B27349B2A5A97FD00537E62 /* HoneyWrap.app */,
				3B2734B12A5A980700537E62 /* Honey.appex */,
			);
			name = Products;
			sourceTree = "<group>";
		};
		3B27349D2A5A97FD00537E62 /* HoneyWrap */ = {
			isa = PBXGroup;
			children = (
				3B27349E2A5A97FD00537E62 /* AppDelegate.swift */,
				3B2734A02A5A97FD00537E62 /* ViewController.swift */,
				3B2734A22A5A97FD00537E62 /* Assets.xcassets */,
				3B2734A42A5A97FD00537E62 /* Main.storyboard */,
				3B2734A72A5A97FD00537E62 /* HoneyWrap.entitlements */,
			);
			path = HoneyWrap;
			sourceTree = "<group>";
		};
		3B2734B22A5A980700537E62 /* Frameworks */ = {
			isa = PBXGroup;
			children = (
				3B2734B32A5A980700537E62 /* Cocoa.framework */,
				3B2734B52A5A980700537E62 /* XcodeKit.framework */,
			);
			name = Frameworks;
			sourceTree = "<group>";
		};
		3B2734B72A5A980700537E62 /* Honey */ = {
			isa = PBXGroup;
			children = (
				3B2734B82A5A980700537E62 /* SourceEditorExtension.swift */,
				3B2734BA2A5A980700537E62 /* SourceEditorCommand.swift */,
				3B2734BC2A5A980700537E62 /* Info.plist */,
				3B2734BD2A5A980700537E62 /* Honey.entitlements */,
			);
			path = Honey;
			sourceTree = "<group>";
		};
/* End PBXGroup section */

/* Begin PBXNativeTarget section */
		3B27349A2A5A97FD00537E62 /* HoneyWrap */ = {
			isa = PBXNativeTarget;
			buildConfigurationList = 3B2734AA2A5A97FD00537E62 /* Build configuration list for PBXNativeTarget "HoneyWrap" */;
			buildPhases = (
				3B2734972A5A97FD00537E62 /* Sources */,
				3B2734982A5A97FD00537E62 /* Frameworks */,
				3B2734992A5A97FD00537E62 /* Resources */,
				3B2734C42A5A980700537E62 /* Embed Foundation Extensions */,
			);
			buildRules = (
			);
			dependencies = (
				3B2734BF2A5A980700537E62 /* PBXTargetDependency */,
			);
			name = HoneyWrap;
			productName = HoneyWrap;
			productReference = 3B27349B2A5A97FD00537E62 /* HoneyWrap.app */;
			productType = "com.apple.product-type.application";
		};
		3B2734B02A5A980700537E62 /* Honey */ = {
			isa = PBXNativeTarget;
			buildConfigurationList = 3B2734C12A5A980700537E62 /* Build configuration list for PBXNativeTarget "Honey" */;
			buildPhases = (
				3B2734AD2A5A980700537E62 /* Sources */,
				3B2734AE2A5A980700537E62 /* Frameworks */,
				3B2734AF2A5A980700537E62 /* Resources */,
				3B2734EC2A5A99CC00537E62 /* Embed Frameworks */,
			);
			buildRules = (
			);
			dependencies = (
			);
			name = Honey;
			productName = Honey;
			productReference = 3B2734B12A5A980700537E62 /* Honey.appex */;
			productType = "com.apple.product-type.xcode-extension";
		};
/* End PBXNativeTarget section */

/* Begin PBXProject section */
		3B2734932A5A97FD00537E62 /* Project object */ = {
			isa = PBXProject;
			attributes = {
				BuildIndependentTargetsInParallel = 1;
				LastSwiftUpdateCheck = 1410;
				LastUpgradeCheck = 1410;
				TargetAttributes = {
					3B27349A2A5A97FD00537E62 = {
						CreatedOnToolsVersion = 14.1;
					};
					3B2734B02A5A980700537E62 = {
						CreatedOnToolsVersion = 14.1;
					};
				};
			};
			buildConfigurationList = 3B2734962A5A97FD00537E62 /* Build configuration list for PBXProject "HoneyWrap" */;
			compatibilityVersion = "Xcode 14.0";
			developmentRegion = en;
			hasScannedForEncodings = 0;
			knownRegions = (
				en,
				Base,
			);
			mainGroup = 3B2734922A5A97FD00537E62;
			productRefGroup = 3B27349C2A5A97FD00537E62 /* Products */;
			projectDirPath = "";
			projectRoot = "";
			targets = (
				3B27349A2A5A97FD00537E62 /* HoneyWrap */,
				3B2734B02A5A980700537E62 /* Honey */,
			);
		};
/* End PBXProject section */

/* Begin PBXResourcesBuildPhase section */
		3B2734992A5A97FD00537E62 /* Resources */ = {
			isa = PBXResourcesBuildPhase;
			buildActionMask = 2147483647;
			files = (
				3B2734A32A5A97FD00537E62 /* Assets.xcassets in Resources */,
				3B2734A62A5A97FD00537E62 /* Main.storyboard in Resources */,
			);
			runOnlyForDeploymentPostprocessing = 0;
		};
		3B2734AF2A5A980700537E62 /* Resources */ = {
			isa = PBXResourcesBuildPhase;
			buildActionMask = 2147483647;
			files = (
			);
			runOnlyForDeploymentPostprocessing = 0;
		};
/* End PBXResourcesBuildPhase section */

/* Begin PBXSourcesBuildPhase section */
		3B2734972A5A97FD00537E62 /* Sources */ = {
			isa = PBXSourcesBuildPhase;
			buildActionMask = 2147483647;
			files = (
				3B2734A12A5A97FD00537E62 /* ViewController.swift in Sources */,
				3B27349F2A5A97FD00537E62 /* AppDelegate.swift in Sources */,
			);
			runOnlyForDeploymentPostprocessing = 0;
		};
		3B2734AD2A5A980700537E62 /* Sources */ = {
			isa = PBXSourcesBuildPhase;
			buildActionMask = 2147483647;
			files = (
				3B2734B92A5A980700537E62 /* SourceEditorExtension.swift in Sources */,
				3B2734BB2A5A980700537E62 /* SourceEditorCommand.swift in Sources */,
			);
			runOnlyForDeploymentPostprocessing = 0;
		};
/* End PBXSourcesBuildPhase section */

/* Begin PBXTargetDependency section */
		3B2734BF2A5A980700537E62 /* PBXTargetDependency */ = {
			isa = PBXTargetDependency;
			target = 3B2734B02A5A980700537E62 /* Honey */;
			targetProxy = 3B2734BE2A5A980700537E62 /* PBXContainerItemProxy */;
		};
/* End PBXTargetDependency section */

/* Begin PBXVariantGroup section */
		3B2734A42A5A97FD00537E62 /* Main.storyboard */ = {
			isa = PBXVariantGroup;
			children = (
				3B2734A52A5A97FD00537E62 /* Base */,
			);
			name = Main.storyboard;
			sourceTree = "<group>";
		};
/* End PBXVariantGroup section */

/* Begin XCBuildConfiguration section */
		3B2734A82A5A97FD00537E62 /* Debug */ = {
			isa = XCBuildConfiguration;
			buildSettings = {
				ALWAYS_SEARCH_USER_PATHS = NO;
				CLANG_ANALYZER_NONNULL = YES;
				CLANG_ANALYZER_NUMBER_OBJECT_CONVERSION = YES_AGGRESSIVE;
				CLANG_CXX_LANGUAGE_STANDARD = "gnu++20";
				CLANG_ENABLE_MODULES = YES;
				CLANG_ENABLE_OBJC_ARC = YES;
				CLANG_ENABLE_OBJC_WEAK = YES;
				CLANG_WARN_BLOCK_CAPTURE_AUTORELEASING = YES;
				CLANG_WARN_BOOL_CONVERSION = YES;
				CLANG_WARN_COMMA = YES;
				CLANG_WARN_CONSTANT_CONVERSION = YES;
				CLANG_WARN_DEPRECATED_OBJC_IMPLEMENTATIONS = YES;
				CLANG_WARN_DIRECT_OBJC_ISA_USAGE = YES_ERROR;
				CLANG_WARN_DOCUMENTATION_COMMENTS = YES;
				CLANG_WARN_EMPTY_BODY = YES;
				CLANG_WARN_ENUM_CONVERSION = YES;
				CLANG_WARN_INFINITE_RECURSION = YES;
				CLANG_WARN_INT_CONVERSION = YES;
				CLANG_WARN_NON_LITERAL_NULL_CONVERSION = YES;
				CLANG_WARN_OBJC_IMPLICIT_RETAIN_SELF = YES;
				CLANG_WARN_OBJC_LITERAL_CONVERSION = YES;
				CLANG_WARN_OBJC_ROOT_CLASS = YES_ERROR;
				CLANG_WARN_QUOTED_INCLUDE_IN_FRAMEWORK_HEADER = YES;
				CLANG_WARN_RANGE_LOOP_ANALYSIS = YES;
				CLANG_WARN_STRICT_PROTOTYPES = YES;
				CLANG_WARN_SUSPICIOUS_MOVE = YES;
				CLANG_WARN_UNGUARDED_AVAILABILITY = YES_AGGRESSIVE;
				CLANG_WARN_UNREACHABLE_CODE = YES;
				CLANG_WARN__DUPLICATE_METHOD_MATCH = YES;
				COPY_PHASE_STRIP = NO;
				DEBUG_INFORMATION_FORMAT = dwarf;
				ENABLE_STRICT_OBJC_MSGSEND = YES;
				ENABLE_TESTABILITY = YES;
				GCC_C_LANGUAGE_STANDARD = gnu11;
				GCC_DYNAMIC_NO_PIC = NO;
				GCC_NO_COMMON_BLOCKS = YES;
				GCC_OPTIMIZATION_LEVEL = 0;
				GCC_PREPROCESSOR_DEFINITIONS = (
					"DEBUG=1",
					"$(inherited)",
				);
				GCC_WARN_64_TO_32_BIT_CONVERSION = YES;
				GCC_WARN_ABOUT_RETURN_TYPE = YES_ERROR;
				GCC_WARN_UNDECLARED_SELECTOR = YES;
				GCC_WARN_UNINITIALIZED_AUTOS = YES_AGGRESSIVE;
				GCC_WARN_UNUSED_FUNCTION = YES;
				GCC_WARN_UNUSED_VARIABLE = YES;
				MACOSX_DEPLOYMENT_TARGET = 13.0;
				MTL_ENABLE_DEBUG_INFO = INCLUDE_SOURCE;
				MTL_FAST_MATH = YES;
				ONLY_ACTIVE_ARCH = YES;
				SDKROOT = macosx;
				SWIFT_ACTIVE_COMPILATION_CONDITIONS = DEBUG;
				SWIFT_OPTIMIZATION_LEVEL = "-Onone";
			};
			name = Debug;
		};
		3B2734A92A5A97FD00537E62 /* Release */ = {
			isa = XCBuildConfiguration;
			buildSettings = {
				ALWAYS_SEARCH_USER_PATHS = NO;
				CLANG_ANALYZER_NONNULL = YES;
				CLANG_ANALYZER_NUMBER_OBJECT_CONVERSION = YES_AGGRESSIVE;
				CLANG_CXX_LANGUAGE_STANDARD = "gnu++20";
				CLANG_ENABLE_MODULES = YES;
				CLANG_ENABLE_OBJC_ARC = YES;
				CLANG_ENABLE_OBJC_WEAK = YES;
				CLANG_WARN_BLOCK_CAPTURE_AUTORELEASING = YES;
				CLANG_WARN_BOOL_CONVERSION = YES;
				CLANG_WARN_COMMA = YES;
				CLANG_WARN_CONSTANT_CONVERSION = YES;
				CLANG_WARN_DEPRECATED_OBJC_IMPLEMENTATIONS = YES;
				CLANG_WARN_DIRECT_OBJC_ISA_USAGE = YES_ERROR;
				CLANG_WARN_DOCUMENTATION_COMMENTS = YES;
				CLANG_WARN_EMPTY_BODY = YES;
				CLANG_WARN_ENUM_CONVERSION = YES;
				CLANG_WARN_INFINITE_RECURSION = YES;
				CLANG_WARN_INT_CONVERSION = YES;
				CLANG_WARN_NON_LITERAL_NULL_CONVERSION = YES;
				CLANG_WARN_OBJC_IMPLICIT_RETAIN_SELF = YES;
				CLANG_WARN_OBJC_LITERAL_CONVERSION = YES;
				CLANG_WARN_OBJC_ROOT_CLASS = YES_ERROR;
				CLANG_WARN_QUOTED_INCLUDE_IN_FRAMEWORK_HEADER = YES;
				CLANG_WARN_RANGE_LOOP_ANALYSIS = YES;
				CLANG_WARN_STRICT_PROTOTYPES = YES;
				CLANG_WARN_SUSPICIOUS_MOVE = YES;
				CLANG_WARN_UNGUARDED_AVAILABILITY = YES_AGGRESSIVE;
				CLANG_WARN_UNREACHABLE_CODE = YES;
				CLANG_WARN__DUPLICATE_METHOD_MATCH = YES;
				COPY_PHASE_STRIP = NO;
				DEBUG_INFORMATION_FORMAT = "dwarf-with-dsym";
				ENABLE_NS_ASSERTIONS = NO;
				ENABLE_STRICT_OBJC_MSGSEND = YES;
				GCC_C_LANGUAGE_STANDARD = gnu11;
				GCC_NO_COMMON_BLOCKS = YES;
				GCC_WARN_64_TO_32_BIT_CONVERSION = YES;
				GCC_WARN_ABOUT_RETURN_TYPE = YES_ERROR;
				GCC_WARN_UNDECLARED_SELECTOR = YES;
				GCC_WARN_UNINITIALIZED_AUTOS = YES_AGGRESSIVE;
				GCC_WARN_UNUSED_FUNCTION = YES;
				GCC_WARN_UNUSED_VARIABLE = YES;
				MACOSX_DEPLOYMENT_TARGET = 13.0;
				MTL_ENABLE_DEBUG_INFO = NO;
				MTL_FAST_MATH = YES;
				SDKROOT = macosx;
				SWIFT_COMPILATION_MODE = wholemodule;
				SWIFT_OPTIMIZATION_LEVEL = "-O";
			};
			name = Release;
		};
		3B2734AB2A5A97FD00537E62 /* Debug */ = {
			isa = XCBuildConfiguration;
			buildSettings = {
				ALWAYS_EMBED_SWIFT_STANDARD_LIBRARIES = YES;
				ASSETCATALOG_COMPILER_APPICON_NAME = AppIcon;
				ASSETCATALOG_COMPILER_GLOBAL_ACCENT_COLOR_NAME = AccentColor;
				CODE_SIGN_ENTITLEMENTS = HoneyWrap/HoneyWrap.entitlements;
				CODE_SIGN_STYLE = Automatic;
				COMBINE_HIDPI_IMAGES = YES;
				CURRENT_PROJECT_VERSION = 1;
				DEVELOPMENT_TEAM = WH6JJ79S56;
				ENABLE_HARDENED_RUNTIME = YES;
				GENERATE_INFOPLIST_FILE = YES;
				INFOPLIST_KEY_NSHumanReadableCopyright = "";
				INFOPLIST_KEY_NSMainStoryboardFile = Main;
				INFOPLIST_KEY_NSPrincipalClass = NSApplication;
				LD_RUNPATH_SEARCH_PATHS = (
					"$(inherited)",
					"@executable_path/../Frameworks",
				);
				MARKETING_VERSION = 1.0;
				PRODUCT_BUNDLE_IDENTIFIER = com.Honey.HoneyWrap;
				PRODUCT_NAME = "$(TARGET_NAME)";
				SWIFT_EMIT_LOC_STRINGS = YES;
				SWIFT_VERSION = 5.0;
			};
			name = Debug;
		};
		3B2734AC2A5A97FD00537E62 /* Release */ = {
			isa = XCBuildConfiguration;
			buildSettings = {
				ALWAYS_EMBED_SWIFT_STANDARD_LIBRARIES = YES;
				ASSETCATALOG_COMPILER_APPICON_NAME = AppIcon;
				ASSETCATALOG_COMPILER_GLOBAL_ACCENT_COLOR_NAME = AccentColor;
				CODE_SIGN_ENTITLEMENTS = HoneyWrap/HoneyWrap.entitlements;
				CODE_SIGN_STYLE = Automatic;
				COMBINE_HIDPI_IMAGES = YES;
				CURRENT_PROJECT_VERSION = 1;
				DEVELOPMENT_TEAM = WH6JJ79S56;
				ENABLE_HARDENED_RUNTIME = YES;
				GENERATE_INFOPLIST_FILE = YES;
				INFOPLIST_KEY_NSHumanReadableCopyright = "";
				INFOPLIST_KEY_NSMainStoryboardFile = Main;
				INFOPLIST_KEY_NSPrincipalClass = NSApplication;
				LD_RUNPATH_SEARCH_PATHS = (
					"$(inherited)",
					"@executable_path/../Frameworks",
				);
				MARKETING_VERSION = 1.0;
				PRODUCT_BUNDLE_IDENTIFIER = com.Honey.HoneyWrap;
				PRODUCT_NAME = "$(TARGET_NAME)";
				SWIFT_EMIT_LOC_STRINGS = YES;
				SWIFT_VERSION = 5.0;
			};
			name = Release;
		};
		3B2734C22A5A980700537E62 /* Debug */ = {
			isa = XCBuildConfiguration;
			buildSettings = {
				CODE_SIGN_ENTITLEMENTS = Honey/Honey.entitlements;
				CODE_SIGN_STYLE = Automatic;
				COMBINE_HIDPI_IMAGES = YES;
				CURRENT_PROJECT_VERSION = 1;
				DEVELOPMENT_TEAM = WH6JJ79S56;
				ENABLE_HARDENED_RUNTIME = YES;
				GENERATE_INFOPLIST_FILE = YES;
				INFOPLIST_FILE = Honey/Info.plist;
				INFOPLIST_KEY_CFBundleDisplayName = Honey;
				INFOPLIST_KEY_NSHumanReadableCopyright = "";
				LD_RUNPATH_SEARCH_PATHS = (
					"$(inherited)",
					"@executable_path/../Frameworks",
					"@executable_path/../../../../Frameworks",
				);
				MARKETING_VERSION = 1.0;
				PRODUCT_BUNDLE_IDENTIFIER = com.Honey.HoneyWrap.Honey;
				PRODUCT_NAME = "$(TARGET_NAME)";
				SKIP_INSTALL = YES;
				SWIFT_EMIT_LOC_STRINGS = YES;
				SWIFT_VERSION = 5.0;
			};
			name = Debug;
		};
		3B2734C32A5A980700537E62 /* Release */ = {
			isa = XCBuildConfiguration;
			buildSettings = {
				CODE_SIGN_ENTITLEMENTS = Honey/Honey.entitlements;
				CODE_SIGN_STYLE = Automatic;
				COMBINE_HIDPI_IMAGES = YES;
				CURRENT_PROJECT_VERSION = 1;
				DEVELOPMENT_TEAM = WH6JJ79S56;
				ENABLE_HARDENED_RUNTIME = YES;
				GENERATE_INFOPLIST_FILE = YES;
				INFOPLIST_FILE = Honey/Info.plist;
				INFOPLIST_KEY_CFBundleDisplayName = Honey;
				INFOPLIST_KEY_NSHumanReadableCopyright = "";
				LD_RUNPATH_SEARCH_PATHS = (
					"$(inherited)",
					"@executable_path/../Frameworks",
					"@executable_path/../../../../Frameworks",
				);
				MARKETING_VERSION = 1.0;
				PRODUCT_BUNDLE_IDENTIFIER = com.Honey.HoneyWrap.Honey;
				PRODUCT_NAME = "$(TARGET_NAME)";
				SKIP_INSTALL = YES;
				SWIFT_EMIT_LOC_STRINGS = YES;
				SWIFT_VERSION = 5.0;
			};
			name = Release;
		};
/* End XCBuildConfiguration section */

/* Begin XCConfigurationList section */
		3B2734962A5A97FD00537E62 /* Build configuration list for PBXProject "HoneyWrap" */ = {
			isa = XCConfigurationList;
			buildConfigurations = (
				3B2734A82A5A97FD00537E62 /* Debug */,
				3B2734A92A5A97FD00537E62 /* Release */,
			);
			defaultConfigurationIsVisible = 0;
			defaultConfigurationName = Release;
		};
		3B2734AA2A5A97FD00537E62 /* Build configuration list for PBXNativeTarget "HoneyWrap" */ = {
			isa = XCConfigurationList;
			buildConfigurations = (
				3B2734AB2A5A97FD00537E62 /* Debug */,
				3B2734AC2A5A97FD00537E62 /* Release */,
			);
			defaultConfigurationIsVisible = 0;
			defaultConfigurationName = Release;
		};
		3B2734C12A5A980700537E62 /* Build configuration list for PBXNativeTarget "Honey" */ = {
			isa = XCConfigurationList;
			buildConfigurations = (
				3B2734C22A5A980700537E62 /* Debug */,
				3B2734C32A5A980700537E62 /* Release */,
			);
			defaultConfigurationIsVisible = 0;
			defaultConfigurationName = Release;
		};
/* End XCConfigurationList section */
	};
	rootObject = 3B2734932A5A97FD00537E62 /* Project object */;
}
